# This file is automatically @generated by Cargo.
# It is not intended for manual editing.
version = 3

[[package]]
name = "bare_metal_map"
version = "0.1.0"
source = "git+https://github.com/gjf2a/bare_metal_map#c8832ef865ba1f59b90817fdea357beab8c5758c"

[[package]]
name = "simple_interp"
version = "0.1.0"
dependencies = [
 "bare_metal_map",
]
